
Microsoft Visual Studio Solution File, Format Version 12.00
# Visual Studio Version 17
VisualStudioVersion = 17.9.34714.143
MinimumVisualStudioVersion = 10.0.40219.1
Project("{9A19103F-16F7-4668-BE54-9A1E7A4F7556}") = "StoreAPI", "StoreAPI\StoreAPI.csproj", "{E63DA233-3EB5-4A8D-9FA4-53A688935775}"
EndProject
Project("{FAE04EC0-301F-11D3-BF4B-00C04F79EFBC}") = "StoreDOMAIN", "StoreDOMAIN\StoreDOMAIN.csproj", "{BFF5BA44-4067-403C-A870-441E2CB098EC}"
EndProject
Global
	GlobalSection(SolutionConfigurationPlatforms) = preSolution
		Debug|Any CPU = Debug|Any CPU
		Release|Any CPU = Release|Any CPU
	EndGlobalSection
	GlobalSection(ProjectConfigurationPlatforms) = postSolution
		{E63DA233-3EB5-4A8D-9FA4-53A688935775}.Debug|Any CPU.ActiveCfg = Debug|Any CPU
		{E63DA233-3EB5-4A8D-9FA4-53A688935775}.Debug|Any CPU.Build.0 = Debug|Any CPU
		{E63DA233-3EB5-4A8D-9FA4-53A688935775}.Release|Any CPU.ActiveCfg = Release|Any CPU
		{E63DA233-3EB5-4A8D-9FA4-53A688935775}.Release|Any CPU.Build.0 = Release|Any CPU
		{BFF5BA44-4067-403C-A870-441E2CB098EC}.Debug|Any CPU.ActiveCfg = Debug|Any CPU
		{BFF5BA44-4067-403C-A870-441E2CB098EC}.Debug|Any CPU.Build.0 = Debug|Any CPU
		{BFF5BA44-4067-403C-A870-441E2CB098EC}.Release|Any CPU.ActiveCfg = Release|Any CPU
		{BFF5BA44-4067-403C-A870-441E2CB098EC}.Release|Any CPU.Build.0 = Release|Any CPU
	EndGlobalSection
	GlobalSection(SolutionProperties) = preSolution
		HideSolutionNode = FALSE
	EndGlobalSection
	GlobalSection(ExtensibilityGlobals) = postSolution
		SolutionGuid = {E0D1B693-4452-4084-B65F-17F432C9FE0E}
	EndGlobalSection
EndGlobal
